
Microsoft Visual Studio Solution File, Format Version 12.00
# Visual Studio 14
VisualStudioVersion = 14.0.25420.1
MinimumVisualStudioVersion = 10.0.40219.1
Project("{FAE04EC0-301F-11D3-BF4B-00C04F79EFBC}") = "KataPencilDurability.Business", "KataPencilDurability.Business\KataPencilDurability.Business.csproj", "{1DA1FA7C-C68D-434E-ABCB-58EB1266FFC4}"
EndProject
Project("{FAE04EC0-301F-11D3-BF4B-00C04F79EFBC}") = "KataPencilDurability.Tests", "KataPencilDurability.Tests\KataPencilDurability.Tests.csproj", "{87E645B3-03B0-4DAE-B21B-5508A76C4671}"
EndProject
Global
	GlobalSection(SolutionConfigurationPlatforms) = preSolution
		Debug|Any CPU = Debug|Any CPU
		Release|Any CPU = Release|Any CPU
	EndGlobalSection
	GlobalSection(ProjectConfigurationPlatforms) = postSolution
		{1DA1FA7C-C68D-434E-ABCB-58EB1266FFC4}.Debug|Any CPU.ActiveCfg = Debug|Any CPU
		{1DA1FA7C-C68D-434E-ABCB-58EB1266FFC4}.Debug|Any CPU.Build.0 = Debug|Any CPU
		{1DA1FA7C-C68D-434E-ABCB-58EB1266FFC4}.Release|Any CPU.ActiveCfg = Release|Any CPU
		{1DA1FA7C-C68D-434E-ABCB-58EB1266FFC4}.Release|Any CPU.Build.0 = Release|Any CPU
		{87E645B3-03B0-4DAE-B21B-5508A76C4671}.Debug|Any CPU.ActiveCfg = Debug|Any CPU
		{87E645B3-03B0-4DAE-B21B-5508A76C4671}.Debug|Any CPU.Build.0 = Debug|Any CPU
		{87E645B3-03B0-4DAE-B21B-5508A76C4671}.Release|Any CPU.ActiveCfg = Release|Any CPU
		{87E645B3-03B0-4DAE-B21B-5508A76C4671}.Release|Any CPU.Build.0 = Release|Any CPU
	EndGlobalSection
	GlobalSection(SolutionProperties) = preSolution
		HideSolutionNode = FALSE
	EndGlobalSection
EndGlobal
